
Microsoft Visual Studio Solution File, Format Version 12.00
# Visual Studio Version 16
VisualStudioVersion = 16.0.30114.105
MinimumVisualStudioVersion = 10.0.40219.1
Project("{F2A71F9B-5D33-465A-A702-920D77279786}") = "commander", "Commander\commander.fsproj", "{57BE9B61-9ED5-42F1-B487-406978CFE23F}"
EndProject
Project("{F2A71F9B-5D33-465A-A702-920D77279786}") = "LinuxPlugin", "LinuxPlugin\LinuxPlugin.fsproj", "{4F0345D9-65F4-4358-944E-A322E0F60A26}"
EndProject
Global
	GlobalSection(SolutionConfigurationPlatforms) = preSolution
		Debug|Any CPU = Debug|Any CPU
		Release|Any CPU = Release|Any CPU
	EndGlobalSection
	GlobalSection(SolutionProperties) = preSolution
		HideSolutionNode = FALSE
	EndGlobalSection
	GlobalSection(ProjectConfigurationPlatforms) = postSolution
		{57BE9B61-9ED5-42F1-B487-406978CFE23F}.Debug|Any CPU.ActiveCfg = Debug|Any CPU
		{57BE9B61-9ED5-42F1-B487-406978CFE23F}.Debug|Any CPU.Build.0 = Debug|Any CPU
		{57BE9B61-9ED5-42F1-B487-406978CFE23F}.Release|Any CPU.ActiveCfg = Release|Any CPU
		{57BE9B61-9ED5-42F1-B487-406978CFE23F}.Release|Any CPU.Build.0 = Release|Any CPU
		{4F0345D9-65F4-4358-944E-A322E0F60A26}.Debug|Any CPU.ActiveCfg = Debug|Any CPU
		{4F0345D9-65F4-4358-944E-A322E0F60A26}.Debug|Any CPU.Build.0 = Debug|Any CPU
		{4F0345D9-65F4-4358-944E-A322E0F60A26}.Release|Any CPU.ActiveCfg = Release|Any CPU
		{4F0345D9-65F4-4358-944E-A322E0F60A26}.Release|Any CPU.Build.0 = Release|Any CPU
	EndGlobalSection
EndGlobal
