
Microsoft Visual Studio Solution File, Format Version 12.00
# Visual Studio Version 17
VisualStudioVersion = 17.0.31903.59
MinimumVisualStudioVersion = 10.0.40219.1
Project("{FAE04EC0-301F-11D3-BF4B-00C04F79EFBC}") = "commander", "Commander\Commander.fsproj", "{B4DB3CEA-EC79-4A38-A2BE-F413443B9C3D}"
EndProject
Project("{F2A71F9B-5D33-465A-A702-920D77279786}") = "Windows", "Windows\Windows.fsproj", "{4D7BA1E0-FD36-44B6-8FA2-A945C0CB3BCE}"
EndProject
Project("{F2A71F9B-5D33-465A-A702-920D77279786}") = "Linux", "Linux\Linux.fsproj", "{38B8C196-20A4-472E-B5F7-0C248C8884AC}"
EndProject
Project("{F2A71F9B-5D33-465A-A702-920D77279786}") = "Model", "Model\Model.fsproj", "{C43B7279-7D13-408F-97D6-7B00E39D8CF9}"
EndProject
Global
	GlobalSection(SolutionConfigurationPlatforms) = preSolution
		Debug|Any CPU = Debug|Any CPU
		Release|Any CPU = Release|Any CPU
	EndGlobalSection
	GlobalSection(SolutionProperties) = preSolution
		HideSolutionNode = FALSE
	EndGlobalSection
	GlobalSection(ProjectConfigurationPlatforms) = postSolution
		{B4DB3CEA-EC79-4A38-A2BE-F413443B9C3D}.Debug|Any CPU.ActiveCfg = Debug|Any CPU
		{B4DB3CEA-EC79-4A38-A2BE-F413443B9C3D}.Debug|Any CPU.Build.0 = Debug|Any CPU
		{B4DB3CEA-EC79-4A38-A2BE-F413443B9C3D}.Release|Any CPU.ActiveCfg = Release|Any CPU
		{B4DB3CEA-EC79-4A38-A2BE-F413443B9C3D}.Release|Any CPU.Build.0 = Release|Any CPU
		{4D7BA1E0-FD36-44B6-8FA2-A945C0CB3BCE}.Debug|Any CPU.ActiveCfg = Debug|Any CPU
		{4D7BA1E0-FD36-44B6-8FA2-A945C0CB3BCE}.Debug|Any CPU.Build.0 = Debug|Any CPU
		{4D7BA1E0-FD36-44B6-8FA2-A945C0CB3BCE}.Release|Any CPU.ActiveCfg = Release|Any CPU
		{4D7BA1E0-FD36-44B6-8FA2-A945C0CB3BCE}.Release|Any CPU.Build.0 = Release|Any CPU
		{38B8C196-20A4-472E-B5F7-0C248C8884AC}.Debug|Any CPU.ActiveCfg = Debug|Any CPU
		{38B8C196-20A4-472E-B5F7-0C248C8884AC}.Debug|Any CPU.Build.0 = Debug|Any CPU
		{38B8C196-20A4-472E-B5F7-0C248C8884AC}.Release|Any CPU.ActiveCfg = Release|Any CPU
		{38B8C196-20A4-472E-B5F7-0C248C8884AC}.Release|Any CPU.Build.0 = Release|Any CPU
		{C43B7279-7D13-408F-97D6-7B00E39D8CF9}.Debug|Any CPU.ActiveCfg = Debug|Any CPU
		{C43B7279-7D13-408F-97D6-7B00E39D8CF9}.Debug|Any CPU.Build.0 = Debug|Any CPU
		{C43B7279-7D13-408F-97D6-7B00E39D8CF9}.Release|Any CPU.ActiveCfg = Release|Any CPU
		{C43B7279-7D13-408F-97D6-7B00E39D8CF9}.Release|Any CPU.Build.0 = Release|Any CPU
	EndGlobalSection
EndGlobal
